
Microsoft Visual Studio Solution File, Format Version 12.00
# Visual Studio 15
VisualStudioVersion = 15.0.27428.2037
MinimumVisualStudioVersion = 10.0.40219.1
Project("{FAE04EC0-301F-11D3-BF4B-00C04F79EFBC}") = "StarKnightsEpisode1", "StarKnightsEpisode1.csproj", "{CC1BE8BE-138F-4474-8D07-B8215CB52DDC}"
EndProject
Global
	GlobalSection(SolutionConfigurationPlatforms) = preSolution
		Debug|Any CPU = Debug|Any CPU
		Release|Any CPU = Release|Any CPU
	EndGlobalSection
	GlobalSection(ProjectConfigurationPlatforms) = postSolution
		{CC1BE8BE-138F-4474-8D07-B8215CB52DDC}.Debug|Any CPU.ActiveCfg = Debug|Any CPU
		{CC1BE8BE-138F-4474-8D07-B8215CB52DDC}.Debug|Any CPU.Build.0 = Debug|Any CPU
		{CC1BE8BE-138F-4474-8D07-B8215CB52DDC}.Release|Any CPU.ActiveCfg = Release|Any CPU
		{CC1BE8BE-138F-4474-8D07-B8215CB52DDC}.Release|Any CPU.Build.0 = Release|Any CPU
	EndGlobalSection
	GlobalSection(SolutionProperties) = preSolution
		HideSolutionNode = FALSE
	EndGlobalSection
	GlobalSection(ExtensibilityGlobals) = postSolution
		SolutionGuid = {1740BE34-69BE-4E02-B836-C5B5051535AC}
	EndGlobalSection
EndGlobal
